# THIS IS AN AUTOGENERATED FILE. DO NOT EDIT THIS FILE DIRECTLY.
# yarn lockfile v1


htmx.org@^1.9.5:
  version "1.9.5"
  resolved "https://registry.yarnpkg.com/htmx.org/-/htmx.org-1.9.5.tgz#043a934c50e9945538480679e572ed1f31dbd655"
  integrity sha512-YUMH1/zOe+75bZnSbtkqwK8wAoTJcgvwVA2W6CXoODBtsg2F9HJIPzM3vzosevrilpV6jLAR6nKapKypBs7v2A==
